
Microsoft Visual Studio Solution File, Format Version 12.00
# Visual Studio Version 17
VisualStudioVersion = 17.5.33414.496
MinimumVisualStudioVersion = 10.0.40219.1
Project("{FAE04EC0-301F-11D3-BF4B-00C04F79EFBC}") = "FavBooks", "FavBooks\FavBooks.csproj", "{F86ABBBF-84BE-4C22-B350-7734E3F30A67}"
EndProject
Global
	GlobalSection(SolutionConfigurationPlatforms) = preSolution
		Debug|Any CPU = Debug|Any CPU
		Release|Any CPU = Release|Any CPU
	EndGlobalSection
	GlobalSection(ProjectConfigurationPlatforms) = postSolution
		{F86ABBBF-84BE-4C22-B350-7734E3F30A67}.Debug|Any CPU.ActiveCfg = Debug|Any CPU
		{F86ABBBF-84BE-4C22-B350-7734E3F30A67}.Debug|Any CPU.Build.0 = Debug|Any CPU
		{F86ABBBF-84BE-4C22-B350-7734E3F30A67}.Release|Any CPU.ActiveCfg = Release|Any CPU
		{F86ABBBF-84BE-4C22-B350-7734E3F30A67}.Release|Any CPU.Build.0 = Release|Any CPU
	EndGlobalSection
	GlobalSection(SolutionProperties) = preSolution
		HideSolutionNode = FALSE
	EndGlobalSection
	GlobalSection(ExtensibilityGlobals) = postSolution
		SolutionGuid = {E6BB5905-07C3-42F9-A098-337502A16271}
	EndGlobalSection
EndGlobal
